
Microsoft Visual Studio Solution File, Format Version 12.00
# Visual Studio Version 17
VisualStudioVersion = 17.6.33801.468
MinimumVisualStudioVersion = 10.0.40219.1
Project("{9A19103F-16F7-4668-BE54-9A1E7A4F7556}") = "ImHexScript", "ImHexScript\ImHexScript.csproj", "{F5DDEF0E-0CD2-4724-87A6-96FAF1FD64B0}"
EndProject
Project("{FAE04EC0-301F-11D3-BF4B-00C04F79EFBC}") = "ImHexLibrary", "ImHexLibrary\ImHexLibrary.csproj", "{B70BCC4E-7E54-45CD-AF85-9D56CA9E64B1}"
EndProject
Global
	GlobalSection(SolutionConfigurationPlatforms) = preSolution
		Debug|Any CPU = Debug|Any CPU
		Release|Any CPU = Release|Any CPU
	EndGlobalSection
	GlobalSection(ProjectConfigurationPlatforms) = postSolution
		{F5DDEF0E-0CD2-4724-87A6-96FAF1FD64B0}.Debug|Any CPU.ActiveCfg = Debug|Any CPU
		{F5DDEF0E-0CD2-4724-87A6-96FAF1FD64B0}.Debug|Any CPU.Build.0 = Debug|Any CPU
		{F5DDEF0E-0CD2-4724-87A6-96FAF1FD64B0}.Release|Any CPU.ActiveCfg = Release|Any CPU
		{F5DDEF0E-0CD2-4724-87A6-96FAF1FD64B0}.Release|Any CPU.Build.0 = Release|Any CPU
		{B70BCC4E-7E54-45CD-AF85-9D56CA9E64B1}.Debug|Any CPU.ActiveCfg = Debug|Any CPU
		{B70BCC4E-7E54-45CD-AF85-9D56CA9E64B1}.Debug|Any CPU.Build.0 = Debug|Any CPU
		{B70BCC4E-7E54-45CD-AF85-9D56CA9E64B1}.Release|Any CPU.ActiveCfg = Release|Any CPU
		{B70BCC4E-7E54-45CD-AF85-9D56CA9E64B1}.Release|Any CPU.Build.0 = Release|Any CPU
	EndGlobalSection
	GlobalSection(SolutionProperties) = preSolution
		HideSolutionNode = FALSE
	EndGlobalSection
	GlobalSection(ExtensibilityGlobals) = postSolution
		SolutionGuid = {8AFEBD4F-842F-4F5A-BE07-797E863F6E5C}
	EndGlobalSection
EndGlobal
